
Microsoft Visual Studio Solution File, Format Version 12.00
# Visual Studio Version 16
VisualStudioVersion = 16.0.31112.23
MinimumVisualStudioVersion = 10.0.40219.1
Project("{FAE04EC0-301F-11D3-BF4B-00C04F79EFBC}") = "Entities", "Entities\Entities.csproj", "{472BD599-4C66-4F21-8BD6-5E2C795178E6}"
EndProject
Project("{FAE04EC0-301F-11D3-BF4B-00C04F79EFBC}") = "DataAccess", "DataAccess\DataAccess.csproj", "{537CB9AC-74E5-47A8-B576-4500DE26EC96}"
EndProject
Project("{FAE04EC0-301F-11D3-BF4B-00C04F79EFBC}") = "Business", "Business\Business.csproj", "{C4800E42-252F-4287-B504-39793D9F95FC}"
EndProject
Project("{FAE04EC0-301F-11D3-BF4B-00C04F79EFBC}") = "ConsoleUI", "ConsoleUI\ConsoleUI.csproj", "{EB1A66EC-7802-4B87-9C1A-A3F1BED65A98}"
EndProject
Global
	GlobalSection(SolutionConfigurationPlatforms) = preSolution
		Debug|Any CPU = Debug|Any CPU
		Release|Any CPU = Release|Any CPU
	EndGlobalSection
	GlobalSection(ProjectConfigurationPlatforms) = postSolution
		{472BD599-4C66-4F21-8BD6-5E2C795178E6}.Debug|Any CPU.ActiveCfg = Debug|Any CPU
		{472BD599-4C66-4F21-8BD6-5E2C795178E6}.Debug|Any CPU.Build.0 = Debug|Any CPU
		{472BD599-4C66-4F21-8BD6-5E2C795178E6}.Release|Any CPU.ActiveCfg = Release|Any CPU
		{472BD599-4C66-4F21-8BD6-5E2C795178E6}.Release|Any CPU.Build.0 = Release|Any CPU
		{537CB9AC-74E5-47A8-B576-4500DE26EC96}.Debug|Any CPU.ActiveCfg = Debug|Any CPU
		{537CB9AC-74E5-47A8-B576-4500DE26EC96}.Debug|Any CPU.Build.0 = Debug|Any CPU
		{537CB9AC-74E5-47A8-B576-4500DE26EC96}.Release|Any CPU.ActiveCfg = Release|Any CPU
		{537CB9AC-74E5-47A8-B576-4500DE26EC96}.Release|Any CPU.Build.0 = Release|Any CPU
		{C4800E42-252F-4287-B504-39793D9F95FC}.Debug|Any CPU.ActiveCfg = Debug|Any CPU
		{C4800E42-252F-4287-B504-39793D9F95FC}.Debug|Any CPU.Build.0 = Debug|Any CPU
		{C4800E42-252F-4287-B504-39793D9F95FC}.Release|Any CPU.ActiveCfg = Release|Any CPU
		{C4800E42-252F-4287-B504-39793D9F95FC}.Release|Any CPU.Build.0 = Release|Any CPU
		{EB1A66EC-7802-4B87-9C1A-A3F1BED65A98}.Debug|Any CPU.ActiveCfg = Debug|Any CPU
		{EB1A66EC-7802-4B87-9C1A-A3F1BED65A98}.Debug|Any CPU.Build.0 = Debug|Any CPU
		{EB1A66EC-7802-4B87-9C1A-A3F1BED65A98}.Release|Any CPU.ActiveCfg = Release|Any CPU
		{EB1A66EC-7802-4B87-9C1A-A3F1BED65A98}.Release|Any CPU.Build.0 = Release|Any CPU
	EndGlobalSection
	GlobalSection(SolutionProperties) = preSolution
		HideSolutionNode = FALSE
	EndGlobalSection
	GlobalSection(ExtensibilityGlobals) = postSolution
		SolutionGuid = {BA20F913-F8E1-40E0-878D-50B1BF8B1F2F}
	EndGlobalSection
EndGlobal
